// !$*UTF8*$!
{
	archiveVersion = 1;
	classes = {
	};
	objectVersion = 50;
	objects = {

/* Begin PBXBuildFile section */
		734C6D00211429460068F4B3 /* XLThreeViewController.m in Sources */ = {isa = PBXBuildFile; fileRef = 734C6CFF211429460068F4B3 /* XLThreeViewController.m */; };
		B14A52D421134723001831EE /* AppDelegate.m in Sources */ = {isa = PBXBuildFile; fileRef = B14A52D321134723001831EE /* AppDelegate.m */; };
		B14A52D721134723001831EE /* ViewController.m in Sources */ = {isa = PBXBuildFile; fileRef = B14A52D621134723001831EE /* ViewController.m */; };
		B14A52DA21134723001831EE /* Main.storyboard in Resources */ = {isa = PBXBuildFile; fileRef = B14A52D821134723001831EE /* Main.storyboard */; };
		B14A52DC21134725001831EE /* Assets.xcassets in Resources */ = {isa = PBXBuildFile; fileRef = B14A52DB21134725001831EE /* Assets.xcassets */; };
		B14A52DF21134725001831EE /* LaunchScreen.storyboard in Resources */ = {isa = PBXBuildFile; fileRef = B14A52DD21134725001831EE /* LaunchScreen.storyboard */; };
		B14A52E221134725001831EE /* main.m in Sources */ = {isa = PBXBuildFile; fileRef = B14A52E121134725001831EE /* main.m */; };
		B14A52EA21134752001831EE /* XLOneViewController.m in Sources */ = {isa = PBXBuildFile; fileRef = B14A52E921134752001831EE /* XLOneViewController.m */; };
		B14A52F12113527B001831EE /* UIButton+Block.m in Sources */ = {isa = PBXBuildFile; fileRef = B14A52F02113527B001831EE /* UIButton+Block.m */; };
		B14A52F4211360F9001831EE /* UIView+LYExtension.m in Sources */ = {isa = PBXBuildFile; fileRef = B14A52F3211360F9001831EE /* UIView+LYExtension.m */; };
		B14A52F721138368001831EE /* XLTwoViewController.m in Sources */ = {isa = PBXBuildFile; fileRef = B14A52F621138368001831EE /* XLTwoViewController.m */; };
/* End PBXBuildFile section */

/* Begin PBXFileReference section */
		734C6CFE211429460068F4B3 /* XLThreeViewController.h */ = {isa = PBXFileReference; lastKnownFileType = sourcecode.c.h; path = XLThreeViewController.h; sourceTree = "<group>"; };
		734C6CFF211429460068F4B3 /* XLThreeViewController.m */ = {isa = PBXFileReference; lastKnownFileType = sourcecode.c.objc; path = XLThreeViewController.m; sourceTree = "<group>"; };
		B14A52CF21134723001831EE /* UIViewAnimate_project.app */ = {isa = PBXFileReference; explicitFileType = wrapper.application; includeInIndex = 0; path = UIViewAnimate_project.app; sourceTree = BUILT_PRODUCTS_DIR; };
		B14A52D221134723001831EE /* AppDelegate.h */ = {isa = PBXFileReference; lastKnownFileType = sourcecode.c.h; path = AppDelegate.h; sourceTree = "<group>"; };
		B14A52D321134723001831EE /* AppDelegate.m */ = {isa = PBXFileReference; lastKnownFileType = sourcecode.c.objc; path = AppDelegate.m; sourceTree = "<group>"; };
		B14A52D521134723001831EE /* ViewController.h */ = {isa = PBXFileReference; lastKnownFileType = sourcecode.c.h; path = ViewController.h; sourceTree = "<group>"; };
		B14A52D621134723001831EE /* ViewController.m */ = {isa = PBXFileReference; lastKnownFileType = sourcecode.c.objc; path = ViewController.m; sourceTree = "<group>"; };
		B14A52D921134723001831EE /* Base */ = {isa = PBXFileReference; lastKnownFileType = file.storyboard; name = Base; path = Base.lproj/Main.storyboard; sourceTree = "<group>"; };
		B14A52DB21134725001831EE /* Assets.xcassets */ = {isa = PBXFileReference; lastKnownFileType = folder.assetcatalog; path = Assets.xcassets; sourceTree = "<group>"; };
		B14A52DE21134725001831EE /* Base */ = {isa = PBXFileReference; lastKnownFileType = file.storyboard; name = Base; path = Base.lproj/LaunchScreen.storyboard; sourceTree = "<group>"; };
		B14A52E021134725001831EE /* Info.plist */ = {isa = PBXFileReference; lastKnownFileType = text.plist.xml; path = Info.plist; sourceTree = "<group>"; };
		B14A52E121134725001831EE /* main.m */ = {isa = PBXFileReference; lastKnownFileType = sourcecode.c.objc; path = main.m; sourceTree = "<group>"; };
		B14A52E821134752001831EE /* XLOneViewController.h */ = {isa = PBXFileReference; lastKnownFileType = sourcecode.c.h; path = XLOneViewController.h; sourceTree = "<group>"; };
		B14A52E921134752001831EE /* XLOneViewController.m */ = {isa = PBXFileReference; lastKnownFileType = sourcecode.c.objc; path = XLOneViewController.m; sourceTree = "<group>"; };
		B14A52EE21134D74001831EE /* PrefixHeader.pch */ = {isa = PBXFileReference; lastKnownFileType = sourcecode.c.h; path = PrefixHeader.pch; sourceTree = "<group>"; };
		B14A52EF2113527B001831EE /* UIButton+Block.h */ = {isa = PBXFileReference; lastKnownFileType = sourcecode.c.h; path = "UIButton+Block.h"; sourceTree = "<group>"; };
		B14A52F02113527B001831EE /* UIButton+Block.m */ = {isa = PBXFileReference; lastKnownFileType = sourcecode.c.objc; path = "UIButton+Block.m"; sourceTree = "<group>"; };
		B14A52F2211360F9001831EE /* UIView+LYExtension.h */ = {isa = PBXFileReference; fileEncoding = 4; lastKnownFileType = sourcecode.c.h; path = "UIView+LYExtension.h"; sourceTree = "<group>"; };
		B14A52F3211360F9001831EE /* UIView+LYExtension.m */ = {isa = PBXFileReference; fileEncoding = 4; lastKnownFileType = sourcecode.c.objc; path = "UIView+LYExtension.m"; sourceTree = "<group>"; };
		B14A52F521138368001831EE /* XLTwoViewController.h */ = {isa = PBXFileReference; lastKnownFileType = sourcecode.c.h; path = XLTwoViewController.h; sourceTree = "<group>"; };
		B14A52F621138368001831EE /* XLTwoViewController.m */ = {isa = PBXFileReference; lastKnownFileType = sourcecode.c.objc; path = XLTwoViewController.m; sourceTree = "<group>"; };
/* End PBXFileReference section */

/* Begin PBXFrameworksBuildPhase section */
		B14A52CC21134723001831EE /* Frameworks */ = {
			isa = PBXFrameworksBuildPhase;
			buildActionMask = 2147483647;
			files = (
			);
			runOnlyForDeploymentPostprocessing = 0;
		};
/* End PBXFrameworksBuildPhase section */

/* Begin PBXGroup section */
		734C6CFD2113FFD30068F4B3 /* Tool */ = {
			isa = PBXGroup;
			children = (
				B14A52EE21134D74001831EE /* PrefixHeader.pch */,
				B14A52EF2113527B001831EE /* UIButton+Block.h */,
				B14A52F02113527B001831EE /* UIButton+Block.m */,
				B14A52F2211360F9001831EE /* UIView+LYExtension.h */,
				B14A52F3211360F9001831EE /* UIView+LYExtension.m */,
			);
			path = Tool;
			sourceTree = "<group>";
		};
		B14A52C621134723001831EE = {
			isa = PBXGroup;
			children = (
				B14A52D121134723001831EE /* UIViewAnimate_project */,
				B14A52D021134723001831EE /* Products */,
			);
			sourceTree = "<group>";
		};
		B14A52D021134723001831EE /* Products */ = {
			isa = PBXGroup;
			children = (
				B14A52CF21134723001831EE /* UIViewAnimate_project.app */,
			);
			name = Products;
			sourceTree = "<group>";
		};
		B14A52D121134723001831EE /* UIViewAnimate_project */ = {
			isa = PBXGroup;
			children = (
				B14A52D221134723001831EE /* AppDelegate.h */,
				B14A52D321134723001831EE /* AppDelegate.m */,
				B14A52D521134723001831EE /* ViewController.h */,
				B14A52D621134723001831EE /* ViewController.m */,
				B14A52E821134752001831EE /* XLOneViewController.h */,
				B14A52E921134752001831EE /* XLOneViewController.m */,
				B14A52F521138368001831EE /* XLTwoViewController.h */,
				B14A52F621138368001831EE /* XLTwoViewController.m */,
				734C6CFE211429460068F4B3 /* XLThreeViewController.h */,
				734C6CFF211429460068F4B3 /* XLThreeViewController.m */,
				734C6CFD2113FFD30068F4B3 /* Tool */,
				B14A52D821134723001831EE /* Main.storyboard */,
				B14A52DB21134725001831EE /* Assets.xcassets */,
				B14A52DD21134725001831EE /* LaunchScreen.storyboard */,
				B14A52E021134725001831EE /* Info.plist */,
				B14A52E121134725001831EE /* main.m */,
			);
			path = UIViewAnimate_project;
			sourceTree = "<group>";
		};
/* End PBXGroup section */

/* Begin PBXNativeTarget section */
		B14A52CE21134723001831EE /* UIViewAnimate_project */ = {
			isa = PBXNativeTarget;
			buildConfigurationList = B14A52E521134725001831EE /* Build configuration list for PBXNativeTarget "UIViewAnimate_project" */;
			buildPhases = (
				B14A52CB21134723001831EE /* Sources */,
				B14A52CC21134723001831EE /* Frameworks */,
				B14A52CD21134723001831EE /* Resources */,
			);
			buildRules = (
			);
			dependencies = (
			);
			name = UIViewAnimate_project;
			productName = UIViewAnimate_project;
			productReference = B14A52CF21134723001831EE /* UIViewAnimate_project.app */;
			productType = "com.apple.product-type.application";
		};
/* End PBXNativeTarget section */

/* Begin PBXProject section */
		B14A52C721134723001831EE /* Project object */ = {
			isa = PBXProject;
			attributes = {
				LastUpgradeCheck = 0930;
				ORGANIZATIONNAME = "雷晓利";
				TargetAttributes = {
					B14A52CE21134723001831EE = {
						CreatedOnToolsVersion = 9.3;
					};
				};
			};
			buildConfigurationList = B14A52CA21134723001831EE /* Build configuration list for PBXProject "UIViewAnimate_project" */;
			compatibilityVersion = "Xcode 9.3";
			developmentRegion = en;
			hasScannedForEncodings = 0;
			knownRegions = (
				en,
				Base,
			);
			mainGroup = B14A52C621134723001831EE;
			productRefGroup = B14A52D021134723001831EE /* Products */;
			projectDirPath = "";
			projectRoot = "";
			targets = (
				B14A52CE21134723001831EE /* UIViewAnimate_project */,
			);
		};
/* End PBXProject section */

/* Begin PBXResourcesBuildPhase section */
		B14A52CD21134723001831EE /* Resources */ = {
			isa = PBXResourcesBuildPhase;
			buildActionMask = 2147483647;
			files = (
				B14A52DF21134725001831EE /* LaunchScreen.storyboard in Resources */,
				B14A52DC21134725001831EE /* Assets.xcassets in Resources */,
				B14A52DA21134723001831EE /* Main.storyboard in Resources */,
			);
			runOnlyForDeploymentPostprocessing = 0;
		};
/* End PBXResourcesBuildPhase section */

/* Begin PBXSourcesBuildPhase section */
		B14A52CB21134723001831EE /* Sources */ = {
			isa = PBXSourcesBuildPhase;
			buildActionMask = 2147483647;
			files = (
				B14A52D721134723001831EE /* ViewController.m in Sources */,
				B14A52F4211360F9001831EE /* UIView+LYExtension.m in Sources */,
				B14A52F721138368001831EE /* XLTwoViewController.m in Sources */,
				B14A52F12113527B001831EE /* UIButton+Block.m in Sources */,
				B14A52EA21134752001831EE /* XLOneViewController.m in Sources */,
				734C6D00211429460068F4B3 /* XLThreeViewController.m in Sources */,
				B14A52E221134725001831EE /* main.m in Sources */,
				B14A52D421134723001831EE /* AppDelegate.m in Sources */,
			);
			runOnlyForDeploymentPostprocessing = 0;
		};
/* End PBXSourcesBuildPhase section */

/* Begin PBXVariantGroup section */
		B14A52D821134723001831EE /* Main.storyboard */ = {
			isa = PBXVariantGroup;
			children = (
				B14A52D921134723001831EE /* Base */,
			);
			name = Main.storyboard;
			sourceTree = "<group>";
		};
		B14A52DD21134725001831EE /* LaunchScreen.storyboard */ = {
			isa = PBXVariantGroup;
			children = (
				B14A52DE21134725001831EE /* Base */,
			);
			name = LaunchScreen.storyboard;
			sourceTree = "<group>";
		};
/* End PBXVariantGroup section */

/* Begin XCBuildConfiguration section */
		B14A52E321134725001831EE /* Debug */ = {
			isa = XCBuildConfiguration;
			buildSettings = {
				ALWAYS_SEARCH_USER_PATHS = NO;
				CLANG_ANALYZER_NONNULL = YES;
				CLANG_ANALYZER_NUMBER_OBJECT_CONVERSION = YES_AGGRESSIVE;
				CLANG_CXX_LANGUAGE_STANDARD = "gnu++14";
				CLANG_CXX_LIBRARY = "libc++";
				CLANG_ENABLE_MODULES = YES;
				CLANG_ENABLE_OBJC_ARC = YES;
				CLANG_ENABLE_OBJC_WEAK = YES;
				CLANG_WARN_BLOCK_CAPTURE_AUTORELEASING = YES;
				CLANG_WARN_BOOL_CONVERSION = YES;
				CLANG_WARN_COMMA = YES;
				CLANG_WARN_CONSTANT_CONVERSION = YES;
				CLANG_WARN_DEPRECATED_OBJC_IMPLEMENTATIONS = YES;
				CLANG_WARN_DIRECT_OBJC_ISA_USAGE = YES_ERROR;
				CLANG_WARN_DOCUMENTATION_COMMENTS = YES;
				CLANG_WARN_EMPTY_BODY = YES;
				CLANG_WARN_ENUM_CONVERSION = YES;
				CLANG_WARN_INFINITE_RECURSION = YES;
				CLANG_WARN_INT_CONVERSION = YES;
				CLANG_WARN_NON_LITERAL_NULL_CONVERSION = YES;
				CLANG_WARN_OBJC_IMPLICIT_RETAIN_SELF = YES;
				CLANG_WARN_OBJC_LITERAL_CONVERSION = YES;
				CLANG_WARN_OBJC_ROOT_CLASS = YES_ERROR;
				CLANG_WARN_RANGE_LOOP_ANALYSIS = YES;
				CLANG_WARN_STRICT_PROTOTYPES = YES;
				CLANG_WARN_SUSPICIOUS_MOVE = YES;
				CLANG_WARN_UNGUARDED_AVAILABILITY = YES_AGGRESSIVE;
				CLANG_WARN_UNREACHABLE_CODE = YES;
				CLANG_WARN__DUPLICATE_METHOD_MATCH = YES;
				CODE_SIGN_IDENTITY = "iPhone Developer";
				COPY_PHASE_STRIP = NO;
				DEBUG_INFORMATION_FORMAT = dwarf;
				ENABLE_STRICT_OBJC_MSGSEND = YES;
				ENABLE_TESTABILITY = YES;
				GCC_C_LANGUAGE_STANDARD = gnu11;
				GCC_DYNAMIC_NO_PIC = NO;
				GCC_NO_COMMON_BLOCKS = YES;
				GCC_OPTIMIZATION_LEVEL = 0;
				GCC_PREPROCESSOR_DEFINITIONS = (
					"DEBUG=1",
					"$(inherited)",
				);
				GCC_WARN_64_TO_32_BIT_CONVERSION = YES;
				GCC_WARN_ABOUT_RETURN_TYPE = YES_ERROR;
				GCC_WARN_UNDECLARED_SELECTOR = YES;
				GCC_WARN_UNINITIALIZED_AUTOS = YES_AGGRESSIVE;
				GCC_WARN_UNUSED_FUNCTION = YES;
				GCC_WARN_UNUSED_VARIABLE = YES;
				IPHONEOS_DEPLOYMENT_TARGET = 11.3;
				MTL_ENABLE_DEBUG_INFO = YES;
				ONLY_ACTIVE_ARCH = YES;
				SDKROOT = iphoneos;
			};
			name = Debug;
		};
		B14A52E421134725001831EE /* Release */ = {
			isa = XCBuildConfiguration;
			buildSettings = {
				ALWAYS_SEARCH_USER_PATHS = NO;
				CLANG_ANALYZER_NONNULL = YES;
				CLANG_ANALYZER_NUMBER_OBJECT_CONVERSION = YES_AGGRESSIVE;
				CLANG_CXX_LANGUAGE_STANDARD = "gnu++14";
				CLANG_CXX_LIBRARY = "libc++";
				CLANG_ENABLE_MODULES = YES;
				CLANG_ENABLE_OBJC_ARC = YES;
				CLANG_ENABLE_OBJC_WEAK = YES;
				CLANG_WARN_BLOCK_CAPTURE_AUTORELEASING = YES;
				CLANG_WARN_BOOL_CONVERSION = YES;
				CLANG_WARN_COMMA = YES;
				CLANG_WARN_CONSTANT_CONVERSION = YES;
				CLANG_WARN_DEPRECATED_OBJC_IMPLEMENTATIONS = YES;
				CLANG_WARN_DIRECT_OBJC_ISA_USAGE = YES_ERROR;
				CLANG_WARN_DOCUMENTATION_COMMENTS = YES;
				CLANG_WARN_EMPTY_BODY = YES;
				CLANG_WARN_ENUM_CONVERSION = YES;
				CLANG_WARN_INFINITE_RECURSION = YES;
				CLANG_WARN_INT_CONVERSION = YES;
				CLANG_WARN_NON_LITERAL_NULL_CONVERSION = YES;
				CLANG_WARN_OBJC_IMPLICIT_RETAIN_SELF = YES;
				CLANG_WARN_OBJC_LITERAL_CONVERSION = YES;
				CLANG_WARN_OBJC_ROOT_CLASS = YES_ERROR;
				CLANG_WARN_RANGE_LOOP_ANALYSIS = YES;
				CLANG_WARN_STRICT_PROTOTYPES = YES;
				CLANG_WARN_SUSPICIOUS_MOVE = YES;
				CLANG_WARN_UNGUARDED_AVAILABILITY = YES_AGGRESSIVE;
				CLANG_WARN_UNREACHABLE_CODE = YES;
				CLANG_WARN__DUPLICATE_METHOD_MATCH = YES;
				CODE_SIGN_IDENTITY = "iPhone Developer";
				COPY_PHASE_STRIP = NO;
				DEBUG_INFORMATION_FORMAT = "dwarf-with-dsym";
				ENABLE_NS_ASSERTIONS = NO;
				ENABLE_STRICT_OBJC_MSGSEND = YES;
				GCC_C_LANGUAGE_STANDARD = gnu11;
				GCC_NO_COMMON_BLOCKS = YES;
				GCC_WARN_64_TO_32_BIT_CONVERSION = YES;
				GCC_WARN_ABOUT_RETURN_TYPE = YES_ERROR;
				GCC_WARN_UNDECLARED_SELECTOR = YES;
				GCC_WARN_UNINITIALIZED_AUTOS = YES_AGGRESSIVE;
				GCC_WARN_UNUSED_FUNCTION = YES;
				GCC_WARN_UNUSED_VARIABLE = YES;
				IPHONEOS_DEPLOYMENT_TARGET = 11.3;
				MTL_ENABLE_DEBUG_INFO = NO;
				SDKROOT = iphoneos;
				VALIDATE_PRODUCT = YES;
			};
			name = Release;
		};
		B14A52E621134725001831EE /* Debug */ = {
			isa = XCBuildConfiguration;
			buildSettings = {
				ASSETCATALOG_COMPILER_APPICON_NAME = AppIcon;
				CODE_SIGN_STYLE = Automatic;
				GCC_PREFIX_HEADER = "$(PRODUCT_NAME)/Tool/PrefixHeader.pch";
				INFOPLIST_FILE = UIViewAnimate_project/Info.plist;
				IPHONEOS_DEPLOYMENT_TARGET = 9.3;
				LD_RUNPATH_SEARCH_PATHS = (
					"$(inherited)",
					"@executable_path/Frameworks",
				);
				PRODUCT_BUNDLE_IDENTIFIER = "cn.com.cedar.www.UIViewAnimate-project";
				PRODUCT_NAME = "$(TARGET_NAME)";
				TARGETED_DEVICE_FAMILY = "1,2";
			};
			name = Debug;
		};
		B14A52E721134725001831EE /* Release */ = {
			isa = XCBuildConfiguration;
			buildSettings = {
				ASSETCATALOG_COMPILER_APPICON_NAME = AppIcon;
				CODE_SIGN_STYLE = Automatic;
				GCC_PREFIX_HEADER = "$(PRODUCT_NAME)/Tool/PrefixHeader.pch";
				INFOPLIST_FILE = UIViewAnimate_project/Info.plist;
				IPHONEOS_DEPLOYMENT_TARGET = 9.3;
				LD_RUNPATH_SEARCH_PATHS = (
					"$(inherited)",
					"@executable_path/Frameworks",
				);
				PRODUCT_BUNDLE_IDENTIFIER = "cn.com.cedar.www.UIViewAnimate-project";
				PRODUCT_NAME = "$(TARGET_NAME)";
				TARGETED_DEVICE_FAMILY = "1,2";
			};
			name = Release;
		};
/* End XCBuildConfiguration section */

/* Begin XCConfigurationList section */
		B14A52CA21134723001831EE /* Build configuration list for PBXProject "UIViewAnimate_project" */ = {
			isa = XCConfigurationList;
			buildConfigurations = (
				B14A52E321134725001831EE /* Debug */,
				B14A52E421134725001831EE /* Release */,
			);
			defaultConfigurationIsVisible = 0;
			defaultConfigurationName = Release;
		};
		B14A52E521134725001831EE /* Build configuration list for PBXNativeTarget "UIViewAnimate_project" */ = {
			isa = XCConfigurationList;
			buildConfigurations = (
				B14A52E621134725001831EE /* Debug */,
				B14A52E721134725001831EE /* Release */,
			);
			defaultConfigurationIsVisible = 0;
			defaultConfigurationName = Release;
		};
/* End XCConfigurationList section */
	};
	rootObject = B14A52C721134723001831EE /* Project object */;
}
